{
  "requires": true,
  "lockfileVersion": 1,
  "dependencies": {
    "mrtrukiny-palindrome": {
      "version": "0.1.0",
      "resolved": "https://registry.npmjs.org/mrtrukiny-palindrome/-/mrtrukiny-palindrome-0.1.0.tgz",
      "integrity": "sha512-GSb0Q00UJ+PbocjyIebzWGU12GAirNtWizpdaHmWUX/84Uj29IBnxuxRakuRuKYj97tNlSixDXPs9Oqx9EDRGA=="
    }
  }
}
